
Microsoft Visual Studio Solution File, Format Version 12.00
# Visual Studio Version 17
VisualStudioVersion = 17.14.36429.23
MinimumVisualStudioVersion = 10.0.40219.1
Project("{2150E333-8FDC-42A3-9474-1A3956D46DE8}") = "Task0", "Task0", "{02EA681E-C7D8-13C7-8484-4AC65E1B71E8}"
EndProject
Project("{FAE04EC0-301F-11D3-BF4B-00C04F79EFBC}") = "Tyuiu.BredihinII.Sprint0.Task0.V0", "Tyuiu.BredihinII.Sprint0.Task0.V0\Tyuiu.BredihinII.Sprint0.Task0.V0.csproj", "{536CD799-B4B4-4C18-B63E-688A2D8725CC}"
EndProject
Project("{2150E333-8FDC-42A3-9474-1A3956D46DE8}") = "Task1", "Task1", "{A2FF7273-35F6-4007-A8EF-14285805D4B1}"
EndProject
Project("{FAE04EC0-301F-11D3-BF4B-00C04F79EFBC}") = "Tyuiu.BredihinII.Sprint0.Task1.V0", "Tyuiu.BredihinII.Sprint0.Task1.V0\Tyuiu.BredihinII.Sprint0.Task1.V0.csproj", "{6CDE4BE0-A1EB-4BCB-88A4-1E928831F70F}"
EndProject
Project("{2150E333-8FDC-42A3-9474-1A3956D46DE8}") = "Task2", "Task2", "{B033079C-8860-47D9-82D0-77612F3A0234}"
EndProject
Project("{FAE04EC0-301F-11D3-BF4B-00C04F79EFBC}") = "Tyuiu.BredihinII.Sprint0.Task2.V0", "Tyuiu.BredihinII.Sprint0.Task2.V0\Tyuiu.BredihinII.Sprint0.Task2.V0.csproj", "{F4429D1D-7394-403D-838C-99DE3CD8FEC6}"
EndProject
Project("{FAE04EC0-301F-11D3-BF4B-00C04F79EFBC}") = "Tyuiu.BredihinII.Sprint0.Task2.V0.Test", "Tyuiu.BredihinII.Sprint0.Task2.V0.Test\Tyuiu.BredihinII.Sprint0.Task2.V0.Test.csproj", "{459AB64E-C85F-4A9D-93DF-228E2588D78D}"
EndProject
Project("{FAE04EC0-301F-11D3-BF4B-00C04F79EFBC}") = "Tyuiu.BredihinII.Sprint0.Task2.V0.Lib", "Tyuiu.BredihinII.Sprint0.Task2.V0.Lib\Tyuiu.BredihinII.Sprint0.Task2.V0.Lib.csproj", "{D0D094DD-4CDB-4197-9E0D-34A3DA54A8EE}"
EndProject
Project("{2150E333-8FDC-42A3-9474-1A3956D46DE8}") = "Task3", "Task3", "{451CE616-DD85-4407-976A-55A43DCD500C}"
EndProject
Project("{FAE04EC0-301F-11D3-BF4B-00C04F79EFBC}") = "Tyuiu.BredihinII.Sprint0.Task3.V0", "Tyuiu.BredihinII.Sprint0.Task3.V0\Tyuiu.BredihinII.Sprint0.Task3.V0.csproj", "{689F9E4F-8CFD-4144-BD3C-CD24BFAB0340}"
EndProject
Project("{FAE04EC0-301F-11D3-BF4B-00C04F79EFBC}") = "Tyuiu.BredihinII.Sprint0.Task3.V0.Lib", "Tyuiu.BredihinII.Sprint0.Task3.V0.Lib\Tyuiu.BredihinII.Sprint0.Task3.V0.Lib.csproj", "{0EFFD7CD-93A0-4CEB-A322-2C341D076649}"
EndProject
Project("{FAE04EC0-301F-11D3-BF4B-00C04F79EFBC}") = "Tyuiu.BredihinII.Sprint0.Task3.V0.Test", "Tyuiu.BredihinII.Sprint0.Task3.V0.Test\Tyuiu.BredihinII.Sprint0.Task3.V0.Test.csproj", "{A4FA9A36-9995-4BAD-A8CD-8022B5499019}"
EndProject
Project("{2150E333-8FDC-42A3-9474-1A3956D46DE8}") = "Task4", "Task4", "{1385D37F-E44A-4028-8094-597A940AC05B}"
EndProject
Project("{FAE04EC0-301F-11D3-BF4B-00C04F79EFBC}") = "Tyuiu.BredihinII.Sprint0.Task4.V0", "Tyuiu.BredihinII.Sprint0.Task4.V0\Tyuiu.BredihinII.Sprint0.Task4.V0.csproj", "{1635D819-4171-4B0F-8812-26708D2DE839}"
EndProject
Project("{FAE04EC0-301F-11D3-BF4B-00C04F79EFBC}") = "Tyuiu.BredihinII.Sprint0.Task4.V0.Lib", "Tyuiu.BredihinII.Sprint0.Task4.V0.Lib\Tyuiu.BredihinII.Sprint0.Task4.V0.Lib.csproj", "{BD168989-A7A9-4C76-820E-9816F20F50FE}"
EndProject
Project("{FAE04EC0-301F-11D3-BF4B-00C04F79EFBC}") = "Tyuiu.BredihinII.Sprint0.Task4.V0.Test", "Tyuiu.BredihinII.Sprint0.Task4.V0.Test\Tyuiu.BredihinII.Sprint0.Task4.V0.Test.csproj", "{B84E2152-0713-4A23-A6BF-DC9196601236}"
EndProject
Project("{2150E333-8FDC-42A3-9474-1A3956D46DE8}") = "Task5", "Task5", "{3DD66A02-DAE5-4FAF-9AD6-266DEE8CA553}"
EndProject
Project("{FAE04EC0-301F-11D3-BF4B-00C04F79EFBC}") = "Tyuiu.BredihinII.Sprint0.Task5.V0", "Tyuiu.BredihinII.Sprint0.Task5.V0\Tyuiu.BredihinII.Sprint0.Task5.V0.csproj", "{F8F7827A-0089-48AF-BB6C-885CD575E44E}"
EndProject
Project("{FAE04EC0-301F-11D3-BF4B-00C04F79EFBC}") = "Tyuiu.BredihinII.Sprint0.Task5.V0.Lib", "Tyuiu.BredihinII.Sprint0.Task5.V0.Lib\Tyuiu.BredihinII.Sprint0.Task5.V0.Lib.csproj", "{52482FE6-91A4-479D-B0A1-187D94FBCEBF}"
EndProject
Project("{FAE04EC0-301F-11D3-BF4B-00C04F79EFBC}") = "Tyuiu.BredihinII.Sprint0.Task5.V0.Test", "Tyuiu.BredihinII.Sprint0.Task5.V0.Test\Tyuiu.BredihinII.Sprint0.Task5.V0.Test.csproj", "{C72167BF-163A-485B-8A2A-F911EEADAAD0}"
EndProject
Project("{2150E333-8FDC-42A3-9474-1A3956D46DE8}") = "Task6", "Task6", "{C36BFF74-3E7C-484F-98F0-4C5B8F92C8B5}"
EndProject
Project("{FAE04EC0-301F-11D3-BF4B-00C04F79EFBC}") = "Tyuiu.BredihinII.Sprint0.Task6.V0", "Tyuiu.BredihinII.Sprint0.Task6.V0\Tyuiu.BredihinII.Sprint0.Task6.V0.csproj", "{A689434C-CAEA-4988-95FB-7457449EA4C9}"
EndProject
Project("{FAE04EC0-301F-11D3-BF4B-00C04F79EFBC}") = "Tyuiu.BredihinII.Sprint0.Task6.V0.Lib", "Tyuiu.BredihinII.Sprint0.Task6.V0.Lib\Tyuiu.BredihinII.Sprint0.Task6.V0.Lib.csproj", "{F7658F59-30F7-4ED8-BDCC-587979539598}"
EndProject
Project("{FAE04EC0-301F-11D3-BF4B-00C04F79EFBC}") = "Tyuiu.BredihinII.Sprint0.Task6.V0.Test", "Tyuiu.BredihinII.Sprint0.Task6.V0.Test\Tyuiu.BredihinII.Sprint0.Task6.V0.Test.csproj", "{1B035B4E-F613-4949-B6A6-64C08C464F34}"
EndProject
Project("{2150E333-8FDC-42A3-9474-1A3956D46DE8}") = "Task7", "Task7", "{D44C0071-605C-4FDD-B256-543BEF02B104}"
EndProject
Project("{FAE04EC0-301F-11D3-BF4B-00C04F79EFBC}") = "Tyuiu.BredihinII.Sprint0.Task7.V0", "Tyuiu.BredihinII.Sprint0.Task7.V0\Tyuiu.BredihinII.Sprint0.Task7.V0.csproj", "{43134431-3952-46AB-B629-136BC9B802AF}"
EndProject
Project("{FAE04EC0-301F-11D3-BF4B-00C04F79EFBC}") = "Tyuiu.BredihinII.Sprint0.Task7.V0.Lib", "Tyuiu.BredihinII.Sprint0.Task7.V0.Lib\Tyuiu.BredihinII.Sprint0.Task7.V0.Lib.csproj", "{0C6713E3-BC1B-4E48-8320-05A90135B2E1}"
EndProject
Project("{FAE04EC0-301F-11D3-BF4B-00C04F79EFBC}") = "Tyuiu.BredihinII.Sprint0.Task7.V0.Test", "Tyuiu.BredihinII.Sprint0.Task7.V0.Test\Tyuiu.BredihinII.Sprint0.Task7.V0.Test.csproj", "{C2572ABB-966E-4DA2-8F71-7C6332AD745C}"
EndProject
Global
	GlobalSection(SolutionConfigurationPlatforms) = preSolution
		Debug|Any CPU = Debug|Any CPU
		Release|Any CPU = Release|Any CPU
	EndGlobalSection
	GlobalSection(ProjectConfigurationPlatforms) = postSolution
		{536CD799-B4B4-4C18-B63E-688A2D8725CC}.Debug|Any CPU.ActiveCfg = Debug|Any CPU
		{536CD799-B4B4-4C18-B63E-688A2D8725CC}.Debug|Any CPU.Build.0 = Debug|Any CPU
		{536CD799-B4B4-4C18-B63E-688A2D8725CC}.Release|Any CPU.ActiveCfg = Release|Any CPU
		{536CD799-B4B4-4C18-B63E-688A2D8725CC}.Release|Any CPU.Build.0 = Release|Any CPU
		{6CDE4BE0-A1EB-4BCB-88A4-1E928831F70F}.Debug|Any CPU.ActiveCfg = Debug|Any CPU
		{6CDE4BE0-A1EB-4BCB-88A4-1E928831F70F}.Debug|Any CPU.Build.0 = Debug|Any CPU
		{6CDE4BE0-A1EB-4BCB-88A4-1E928831F70F}.Release|Any CPU.ActiveCfg = Release|Any CPU
		{6CDE4BE0-A1EB-4BCB-88A4-1E928831F70F}.Release|Any CPU.Build.0 = Release|Any CPU
		{F4429D1D-7394-403D-838C-99DE3CD8FEC6}.Debug|Any CPU.ActiveCfg = Debug|Any CPU
		{F4429D1D-7394-403D-838C-99DE3CD8FEC6}.Debug|Any CPU.Build.0 = Debug|Any CPU
		{F4429D1D-7394-403D-838C-99DE3CD8FEC6}.Release|Any CPU.ActiveCfg = Release|Any CPU
		{F4429D1D-7394-403D-838C-99DE3CD8FEC6}.Release|Any CPU.Build.0 = Release|Any CPU
		{459AB64E-C85F-4A9D-93DF-228E2588D78D}.Debug|Any CPU.ActiveCfg = Debug|Any CPU
		{459AB64E-C85F-4A9D-93DF-228E2588D78D}.Debug|Any CPU.Build.0 = Debug|Any CPU
		{459AB64E-C85F-4A9D-93DF-228E2588D78D}.Release|Any CPU.ActiveCfg = Release|Any CPU
		{459AB64E-C85F-4A9D-93DF-228E2588D78D}.Release|Any CPU.Build.0 = Release|Any CPU
		{D0D094DD-4CDB-4197-9E0D-34A3DA54A8EE}.Debug|Any CPU.ActiveCfg = Debug|Any CPU
		{D0D094DD-4CDB-4197-9E0D-34A3DA54A8EE}.Debug|Any CPU.Build.0 = Debug|Any CPU
		{D0D094DD-4CDB-4197-9E0D-34A3DA54A8EE}.Release|Any CPU.ActiveCfg = Release|Any CPU
		{D0D094DD-4CDB-4197-9E0D-34A3DA54A8EE}.Release|Any CPU.Build.0 = Release|Any CPU
		{689F9E4F-8CFD-4144-BD3C-CD24BFAB0340}.Debug|Any CPU.ActiveCfg = Debug|Any CPU
		{689F9E4F-8CFD-4144-BD3C-CD24BFAB0340}.Debug|Any CPU.Build.0 = Debug|Any CPU
		{689F9E4F-8CFD-4144-BD3C-CD24BFAB0340}.Release|Any CPU.ActiveCfg = Release|Any CPU
		{689F9E4F-8CFD-4144-BD3C-CD24BFAB0340}.Release|Any CPU.Build.0 = Release|Any CPU
		{0EFFD7CD-93A0-4CEB-A322-2C341D076649}.Debug|Any CPU.ActiveCfg = Debug|Any CPU
		{0EFFD7CD-93A0-4CEB-A322-2C341D076649}.Debug|Any CPU.Build.0 = Debug|Any CPU
		{0EFFD7CD-93A0-4CEB-A322-2C341D076649}.Release|Any CPU.ActiveCfg = Release|Any CPU
		{0EFFD7CD-93A0-4CEB-A322-2C341D076649}.Release|Any CPU.Build.0 = Release|Any CPU
		{A4FA9A36-9995-4BAD-A8CD-8022B5499019}.Debug|Any CPU.ActiveCfg = Debug|Any CPU
		{A4FA9A36-9995-4BAD-A8CD-8022B5499019}.Debug|Any CPU.Build.0 = Debug|Any CPU
		{A4FA9A36-9995-4BAD-A8CD-8022B5499019}.Release|Any CPU.ActiveCfg = Release|Any CPU
		{A4FA9A36-9995-4BAD-A8CD-8022B5499019}.Release|Any CPU.Build.0 = Release|Any CPU
		{1635D819-4171-4B0F-8812-26708D2DE839}.Debug|Any CPU.ActiveCfg = Debug|Any CPU
		{1635D819-4171-4B0F-8812-26708D2DE839}.Debug|Any CPU.Build.0 = Debug|Any CPU
		{1635D819-4171-4B0F-8812-26708D2DE839}.Release|Any CPU.ActiveCfg = Release|Any CPU
		{1635D819-4171-4B0F-8812-26708D2DE839}.Release|Any CPU.Build.0 = Release|Any CPU
		{BD168989-A7A9-4C76-820E-9816F20F50FE}.Debug|Any CPU.ActiveCfg = Debug|Any CPU
		{BD168989-A7A9-4C76-820E-9816F20F50FE}.Debug|Any CPU.Build.0 = Debug|Any CPU
		{BD168989-A7A9-4C76-820E-9816F20F50FE}.Release|Any CPU.ActiveCfg = Release|Any CPU
		{BD168989-A7A9-4C76-820E-9816F20F50FE}.Release|Any CPU.Build.0 = Release|Any CPU
		{B84E2152-0713-4A23-A6BF-DC9196601236}.Debug|Any CPU.ActiveCfg = Debug|Any CPU
		{B84E2152-0713-4A23-A6BF-DC9196601236}.Debug|Any CPU.Build.0 = Debug|Any CPU
		{B84E2152-0713-4A23-A6BF-DC9196601236}.Release|Any CPU.ActiveCfg = Release|Any CPU
		{B84E2152-0713-4A23-A6BF-DC9196601236}.Release|Any CPU.Build.0 = Release|Any CPU
		{F8F7827A-0089-48AF-BB6C-885CD575E44E}.Debug|Any CPU.ActiveCfg = Debug|Any CPU
		{F8F7827A-0089-48AF-BB6C-885CD575E44E}.Debug|Any CPU.Build.0 = Debug|Any CPU
		{F8F7827A-0089-48AF-BB6C-885CD575E44E}.Release|Any CPU.ActiveCfg = Release|Any CPU
		{F8F7827A-0089-48AF-BB6C-885CD575E44E}.Release|Any CPU.Build.0 = Release|Any CPU
		{52482FE6-91A4-479D-B0A1-187D94FBCEBF}.Debug|Any CPU.ActiveCfg = Debug|Any CPU
		{52482FE6-91A4-479D-B0A1-187D94FBCEBF}.Debug|Any CPU.Build.0 = Debug|Any CPU
		{52482FE6-91A4-479D-B0A1-187D94FBCEBF}.Release|Any CPU.ActiveCfg = Release|Any CPU
		{52482FE6-91A4-479D-B0A1-187D94FBCEBF}.Release|Any CPU.Build.0 = Release|Any CPU
		{C72167BF-163A-485B-8A2A-F911EEADAAD0}.Debug|Any CPU.ActiveCfg = Debug|Any CPU
		{C72167BF-163A-485B-8A2A-F911EEADAAD0}.Debug|Any CPU.Build.0 = Debug|Any CPU
		{C72167BF-163A-485B-8A2A-F911EEADAAD0}.Release|Any CPU.ActiveCfg = Release|Any CPU
		{C72167BF-163A-485B-8A2A-F911EEADAAD0}.Release|Any CPU.Build.0 = Release|Any CPU
		{A689434C-CAEA-4988-95FB-7457449EA4C9}.Debug|Any CPU.ActiveCfg = Debug|Any CPU
		{A689434C-CAEA-4988-95FB-7457449EA4C9}.Debug|Any CPU.Build.0 = Debug|Any CPU
		{A689434C-CAEA-4988-95FB-7457449EA4C9}.Release|Any CPU.ActiveCfg = Release|Any CPU
		{A689434C-CAEA-4988-95FB-7457449EA4C9}.Release|Any CPU.Build.0 = Release|Any CPU
		{F7658F59-30F7-4ED8-BDCC-587979539598}.Debug|Any CPU.ActiveCfg = Debug|Any CPU
		{F7658F59-30F7-4ED8-BDCC-587979539598}.Debug|Any CPU.Build.0 = Debug|Any CPU
		{F7658F59-30F7-4ED8-BDCC-587979539598}.Release|Any CPU.ActiveCfg = Release|Any CPU
		{F7658F59-30F7-4ED8-BDCC-587979539598}.Release|Any CPU.Build.0 = Release|Any CPU
		{1B035B4E-F613-4949-B6A6-64C08C464F34}.Debug|Any CPU.ActiveCfg = Debug|Any CPU
		{1B035B4E-F613-4949-B6A6-64C08C464F34}.Debug|Any CPU.Build.0 = Debug|Any CPU
		{1B035B4E-F613-4949-B6A6-64C08C464F34}.Release|Any CPU.ActiveCfg = Release|Any CPU
		{1B035B4E-F613-4949-B6A6-64C08C464F34}.Release|Any CPU.Build.0 = Release|Any CPU
		{43134431-3952-46AB-B629-136BC9B802AF}.Debug|Any CPU.ActiveCfg = Debug|Any CPU
		{43134431-3952-46AB-B629-136BC9B802AF}.Debug|Any CPU.Build.0 = Debug|Any CPU
		{43134431-3952-46AB-B629-136BC9B802AF}.Release|Any CPU.ActiveCfg = Release|Any CPU
		{43134431-3952-46AB-B629-136BC9B802AF}.Release|Any CPU.Build.0 = Release|Any CPU
		{0C6713E3-BC1B-4E48-8320-05A90135B2E1}.Debug|Any CPU.ActiveCfg = Debug|Any CPU
		{0C6713E3-BC1B-4E48-8320-05A90135B2E1}.Debug|Any CPU.Build.0 = Debug|Any CPU
		{0C6713E3-BC1B-4E48-8320-05A90135B2E1}.Release|Any CPU.ActiveCfg = Release|Any CPU
		{0C6713E3-BC1B-4E48-8320-05A90135B2E1}.Release|Any CPU.Build.0 = Release|Any CPU
		{C2572ABB-966E-4DA2-8F71-7C6332AD745C}.Debug|Any CPU.ActiveCfg = Debug|Any CPU
		{C2572ABB-966E-4DA2-8F71-7C6332AD745C}.Debug|Any CPU.Build.0 = Debug|Any CPU
		{C2572ABB-966E-4DA2-8F71-7C6332AD745C}.Release|Any CPU.ActiveCfg = Release|Any CPU
		{C2572ABB-966E-4DA2-8F71-7C6332AD745C}.Release|Any CPU.Build.0 = Release|Any CPU
	EndGlobalSection
	GlobalSection(SolutionProperties) = preSolution
		HideSolutionNode = FALSE
	EndGlobalSection
	GlobalSection(NestedProjects) = preSolution
		{536CD799-B4B4-4C18-B63E-688A2D8725CC} = {02EA681E-C7D8-13C7-8484-4AC65E1B71E8}
		{6CDE4BE0-A1EB-4BCB-88A4-1E928831F70F} = {A2FF7273-35F6-4007-A8EF-14285805D4B1}
		{F4429D1D-7394-403D-838C-99DE3CD8FEC6} = {B033079C-8860-47D9-82D0-77612F3A0234}
		{459AB64E-C85F-4A9D-93DF-228E2588D78D} = {B033079C-8860-47D9-82D0-77612F3A0234}
		{D0D094DD-4CDB-4197-9E0D-34A3DA54A8EE} = {B033079C-8860-47D9-82D0-77612F3A0234}
		{689F9E4F-8CFD-4144-BD3C-CD24BFAB0340} = {451CE616-DD85-4407-976A-55A43DCD500C}
		{0EFFD7CD-93A0-4CEB-A322-2C341D076649} = {451CE616-DD85-4407-976A-55A43DCD500C}
		{A4FA9A36-9995-4BAD-A8CD-8022B5499019} = {451CE616-DD85-4407-976A-55A43DCD500C}
		{1635D819-4171-4B0F-8812-26708D2DE839} = {1385D37F-E44A-4028-8094-597A940AC05B}
		{BD168989-A7A9-4C76-820E-9816F20F50FE} = {1385D37F-E44A-4028-8094-597A940AC05B}
		{B84E2152-0713-4A23-A6BF-DC9196601236} = {1385D37F-E44A-4028-8094-597A940AC05B}
		{F8F7827A-0089-48AF-BB6C-885CD575E44E} = {3DD66A02-DAE5-4FAF-9AD6-266DEE8CA553}
		{52482FE6-91A4-479D-B0A1-187D94FBCEBF} = {3DD66A02-DAE5-4FAF-9AD6-266DEE8CA553}
		{C72167BF-163A-485B-8A2A-F911EEADAAD0} = {3DD66A02-DAE5-4FAF-9AD6-266DEE8CA553}
		{A689434C-CAEA-4988-95FB-7457449EA4C9} = {C36BFF74-3E7C-484F-98F0-4C5B8F92C8B5}
		{F7658F59-30F7-4ED8-BDCC-587979539598} = {C36BFF74-3E7C-484F-98F0-4C5B8F92C8B5}
		{1B035B4E-F613-4949-B6A6-64C08C464F34} = {C36BFF74-3E7C-484F-98F0-4C5B8F92C8B5}
		{43134431-3952-46AB-B629-136BC9B802AF} = {D44C0071-605C-4FDD-B256-543BEF02B104}
		{0C6713E3-BC1B-4E48-8320-05A90135B2E1} = {D44C0071-605C-4FDD-B256-543BEF02B104}
		{C2572ABB-966E-4DA2-8F71-7C6332AD745C} = {D44C0071-605C-4FDD-B256-543BEF02B104}
	EndGlobalSection
	GlobalSection(ExtensibilityGlobals) = postSolution
		SolutionGuid = {7A7D4498-403A-43DA-9D66-222B5B4CD258}
	EndGlobalSection
EndGlobal
