
Microsoft Visual Studio Solution File, Format Version 12.00
# Visual Studio Version 17
VisualStudioVersion = 17.14.36429.23
MinimumVisualStudioVersion = 10.0.40219.1
Project("{2150E333-8FDC-42A3-9474-1A3956D46DE8}") = "Task0", "Task0", "{02EA681E-C7D8-13C7-8484-4AC65E1B71E8}"
EndProject
Project("{FAE04EC0-301F-11D3-BF4B-00C04F79EFBC}") = "Tyuiu.BredihinII.Sprint0.Task0.V0", "Tyuiu.BredihinII.Sprint0.Task0.V0\Tyuiu.BredihinII.Sprint0.Task0.V0.csproj", "{536CD799-B4B4-4C18-B63E-688A2D8725CC}"
EndProject
Project("{2150E333-8FDC-42A3-9474-1A3956D46DE8}") = "Task1", "Task1", "{A2FF7273-35F6-4007-A8EF-14285805D4B1}"
EndProject
Project("{FAE04EC0-301F-11D3-BF4B-00C04F79EFBC}") = "Tyuiu.BredihinII.Sprint0.Task1.V0", "Tyuiu.BredihinII.Sprint0.Task1.V0\Tyuiu.BredihinII.Sprint0.Task1.V0.csproj", "{6CDE4BE0-A1EB-4BCB-88A4-1E928831F70F}"
EndProject
Global
	GlobalSection(SolutionConfigurationPlatforms) = preSolution
		Debug|Any CPU = Debug|Any CPU
		Release|Any CPU = Release|Any CPU
	EndGlobalSection
	GlobalSection(ProjectConfigurationPlatforms) = postSolution
		{536CD799-B4B4-4C18-B63E-688A2D8725CC}.Debug|Any CPU.ActiveCfg = Debug|Any CPU
		{536CD799-B4B4-4C18-B63E-688A2D8725CC}.Debug|Any CPU.Build.0 = Debug|Any CPU
		{536CD799-B4B4-4C18-B63E-688A2D8725CC}.Release|Any CPU.ActiveCfg = Release|Any CPU
		{536CD799-B4B4-4C18-B63E-688A2D8725CC}.Release|Any CPU.Build.0 = Release|Any CPU
		{6CDE4BE0-A1EB-4BCB-88A4-1E928831F70F}.Debug|Any CPU.ActiveCfg = Debug|Any CPU
		{6CDE4BE0-A1EB-4BCB-88A4-1E928831F70F}.Debug|Any CPU.Build.0 = Debug|Any CPU
		{6CDE4BE0-A1EB-4BCB-88A4-1E928831F70F}.Release|Any CPU.ActiveCfg = Release|Any CPU
		{6CDE4BE0-A1EB-4BCB-88A4-1E928831F70F}.Release|Any CPU.Build.0 = Release|Any CPU
	EndGlobalSection
	GlobalSection(SolutionProperties) = preSolution
		HideSolutionNode = FALSE
	EndGlobalSection
	GlobalSection(NestedProjects) = preSolution
		{536CD799-B4B4-4C18-B63E-688A2D8725CC} = {02EA681E-C7D8-13C7-8484-4AC65E1B71E8}
		{6CDE4BE0-A1EB-4BCB-88A4-1E928831F70F} = {A2FF7273-35F6-4007-A8EF-14285805D4B1}
	EndGlobalSection
	GlobalSection(ExtensibilityGlobals) = postSolution
		SolutionGuid = {7A7D4498-403A-43DA-9D66-222B5B4CD258}
	EndGlobalSection
EndGlobal
