
Microsoft Visual Studio Solution File, Format Version 12.00
# Visual Studio Version 17
VisualStudioVersion = 17.14.36429.23
MinimumVisualStudioVersion = 10.0.40219.1
Project("{2150E333-8FDC-42A3-9474-1A3956D46DE8}") = "Task0", "Task0", "{02EA681E-C7D8-13C7-8484-4AC65E1B71E8}"
EndProject
Project("{FAE04EC0-301F-11D3-BF4B-00C04F79EFBC}") = "Tyuiu.BredihinII.Sprint0.Task0.V0", "Tyuiu.BredihinII.Sprint0.Task0.V0\Tyuiu.BredihinII.Sprint0.Task0.V0.csproj", "{536CD799-B4B4-4C18-B63E-688A2D8725CC}"
EndProject
Project("{2150E333-8FDC-42A3-9474-1A3956D46DE8}") = "Task1", "Task1", "{A2FF7273-35F6-4007-A8EF-14285805D4B1}"
EndProject
Project("{FAE04EC0-301F-11D3-BF4B-00C04F79EFBC}") = "Tyuiu.BredihinII.Sprint0.Task1.V0", "Tyuiu.BredihinII.Sprint0.Task1.V0\Tyuiu.BredihinII.Sprint0.Task1.V0.csproj", "{6CDE4BE0-A1EB-4BCB-88A4-1E928831F70F}"
EndProject
Project("{2150E333-8FDC-42A3-9474-1A3956D46DE8}") = "Task2", "Task2", "{B033079C-8860-47D9-82D0-77612F3A0234}"
EndProject
Project("{FAE04EC0-301F-11D3-BF4B-00C04F79EFBC}") = "Tyuiu.BredihinII.Sprint0.Task2.V0", "Tyuiu.BredihinII.Sprint0.Task2.V0\Tyuiu.BredihinII.Sprint0.Task2.V0.csproj", "{F4429D1D-7394-403D-838C-99DE3CD8FEC6}"
EndProject
Project("{FAE04EC0-301F-11D3-BF4B-00C04F79EFBC}") = "Tyuiu.BredihinII.Sprint0.Task2.V0.Test", "Tyuiu.BredihinII.Sprint0.Task2.V0.Test\Tyuiu.BredihinII.Sprint0.Task2.V0.Test.csproj", "{459AB64E-C85F-4A9D-93DF-228E2588D78D}"
EndProject
Project("{FAE04EC0-301F-11D3-BF4B-00C04F79EFBC}") = "Tyuiu.BredihinII.Sprint0.Task2.V0.Lib", "Tyuiu.BredihinII.Sprint0.Task2.V0.Lib\Tyuiu.BredihinII.Sprint0.Task2.V0.Lib.csproj", "{D0D094DD-4CDB-4197-9E0D-34A3DA54A8EE}"
EndProject
Global
	GlobalSection(SolutionConfigurationPlatforms) = preSolution
		Debug|Any CPU = Debug|Any CPU
		Release|Any CPU = Release|Any CPU
	EndGlobalSection
	GlobalSection(ProjectConfigurationPlatforms) = postSolution
		{536CD799-B4B4-4C18-B63E-688A2D8725CC}.Debug|Any CPU.ActiveCfg = Debug|Any CPU
		{536CD799-B4B4-4C18-B63E-688A2D8725CC}.Debug|Any CPU.Build.0 = Debug|Any CPU
		{536CD799-B4B4-4C18-B63E-688A2D8725CC}.Release|Any CPU.ActiveCfg = Release|Any CPU
		{536CD799-B4B4-4C18-B63E-688A2D8725CC}.Release|Any CPU.Build.0 = Release|Any CPU
		{6CDE4BE0-A1EB-4BCB-88A4-1E928831F70F}.Debug|Any CPU.ActiveCfg = Debug|Any CPU
		{6CDE4BE0-A1EB-4BCB-88A4-1E928831F70F}.Debug|Any CPU.Build.0 = Debug|Any CPU
		{6CDE4BE0-A1EB-4BCB-88A4-1E928831F70F}.Release|Any CPU.ActiveCfg = Release|Any CPU
		{6CDE4BE0-A1EB-4BCB-88A4-1E928831F70F}.Release|Any CPU.Build.0 = Release|Any CPU
		{F4429D1D-7394-403D-838C-99DE3CD8FEC6}.Debug|Any CPU.ActiveCfg = Debug|Any CPU
		{F4429D1D-7394-403D-838C-99DE3CD8FEC6}.Debug|Any CPU.Build.0 = Debug|Any CPU
		{F4429D1D-7394-403D-838C-99DE3CD8FEC6}.Release|Any CPU.ActiveCfg = Release|Any CPU
		{F4429D1D-7394-403D-838C-99DE3CD8FEC6}.Release|Any CPU.Build.0 = Release|Any CPU
		{459AB64E-C85F-4A9D-93DF-228E2588D78D}.Debug|Any CPU.ActiveCfg = Debug|Any CPU
		{459AB64E-C85F-4A9D-93DF-228E2588D78D}.Debug|Any CPU.Build.0 = Debug|Any CPU
		{459AB64E-C85F-4A9D-93DF-228E2588D78D}.Release|Any CPU.ActiveCfg = Release|Any CPU
		{459AB64E-C85F-4A9D-93DF-228E2588D78D}.Release|Any CPU.Build.0 = Release|Any CPU
		{D0D094DD-4CDB-4197-9E0D-34A3DA54A8EE}.Debug|Any CPU.ActiveCfg = Debug|Any CPU
		{D0D094DD-4CDB-4197-9E0D-34A3DA54A8EE}.Debug|Any CPU.Build.0 = Debug|Any CPU
		{D0D094DD-4CDB-4197-9E0D-34A3DA54A8EE}.Release|Any CPU.ActiveCfg = Release|Any CPU
		{D0D094DD-4CDB-4197-9E0D-34A3DA54A8EE}.Release|Any CPU.Build.0 = Release|Any CPU
	EndGlobalSection
	GlobalSection(SolutionProperties) = preSolution
		HideSolutionNode = FALSE
	EndGlobalSection
	GlobalSection(NestedProjects) = preSolution
		{536CD799-B4B4-4C18-B63E-688A2D8725CC} = {02EA681E-C7D8-13C7-8484-4AC65E1B71E8}
		{6CDE4BE0-A1EB-4BCB-88A4-1E928831F70F} = {A2FF7273-35F6-4007-A8EF-14285805D4B1}
		{F4429D1D-7394-403D-838C-99DE3CD8FEC6} = {B033079C-8860-47D9-82D0-77612F3A0234}
		{459AB64E-C85F-4A9D-93DF-228E2588D78D} = {B033079C-8860-47D9-82D0-77612F3A0234}
		{D0D094DD-4CDB-4197-9E0D-34A3DA54A8EE} = {B033079C-8860-47D9-82D0-77612F3A0234}
	EndGlobalSection
	GlobalSection(ExtensibilityGlobals) = postSolution
		SolutionGuid = {7A7D4498-403A-43DA-9D66-222B5B4CD258}
	EndGlobalSection
EndGlobal
